
Microsoft Visual Studio Solution File, Format Version 12.00
# Visual Studio Version 16
VisualStudioVersion = 16.0.28803.352
MinimumVisualStudioVersion = 10.0.40219.1
Project("{9A19103F-16F7-4668-BE54-9A1E7A4F7556}") = "LightMapper", "LightMapper\LightMapper.csproj", "{18237048-F0D0-4482-9CAC-C3247B320FFF}"
EndProject
Project("{FAE04EC0-301F-11D3-BF4B-00C04F79EFBC}") = "LightMapperTest", "LightMapperTest\LightMapperTest.csproj", "{DA225E2A-827B-49CB-91C5-B14BCA08EA2C}"
EndProject
Global
	GlobalSection(SolutionConfigurationPlatforms) = preSolution
		Debug|Any CPU = Debug|Any CPU
		Release|Any CPU = Release|Any CPU
	EndGlobalSection
	GlobalSection(ProjectConfigurationPlatforms) = postSolution
		{18237048-F0D0-4482-9CAC-C3247B320FFF}.Debug|Any CPU.ActiveCfg = Debug|Any CPU
		{18237048-F0D0-4482-9CAC-C3247B320FFF}.Debug|Any CPU.Build.0 = Debug|Any CPU
		{18237048-F0D0-4482-9CAC-C3247B320FFF}.Release|Any CPU.ActiveCfg = Release|Any CPU
		{18237048-F0D0-4482-9CAC-C3247B320FFF}.Release|Any CPU.Build.0 = Release|Any CPU
		{DA225E2A-827B-49CB-91C5-B14BCA08EA2C}.Debug|Any CPU.ActiveCfg = Debug|Any CPU
		{DA225E2A-827B-49CB-91C5-B14BCA08EA2C}.Debug|Any CPU.Build.0 = Debug|Any CPU
		{DA225E2A-827B-49CB-91C5-B14BCA08EA2C}.Release|Any CPU.ActiveCfg = Release|Any CPU
		{DA225E2A-827B-49CB-91C5-B14BCA08EA2C}.Release|Any CPU.Build.0 = Release|Any CPU
	EndGlobalSection
	GlobalSection(SolutionProperties) = preSolution
		HideSolutionNode = FALSE
	EndGlobalSection
	GlobalSection(ExtensibilityGlobals) = postSolution
		SolutionGuid = {B52F7E07-340E-4228-A899-E697EB0D14AD}
	EndGlobalSection
EndGlobal
